{
  "version": 4,
  "terraform_version": "0.14.7",
  "serial": 3,
  "lineage": "76fe0134-da4b-6809-d93d-dc8e19b3f418",
  "outputs": {},
  "resources": [
    {
      "mode": "managed",
      "type": "aws_ec2_tag",
      "name": "tagging",
      "provider": "provider[\"registry.terraform.io/hashicorp/aws\"]",
      "instances": [
        {
          "schema_version": 0,
          "attributes": {
            "id": "i-0e5c05b6b70b1e45a,Name",
            "key": "Name",
            "resource_id": "i-0e5c05b6b70b1e45a",
            "value": "docker-0.1"
          },
          "sensitive_attributes": [],
          "private": "bnVsbA==",
          "dependencies": [
            "aws_spot_instance_request.docker"
          ]
        }
      ]
    },
    {
      "mode": "managed",
      "type": "aws_spot_instance_request",
      "name": "docker",
      "provider": "provider[\"registry.terraform.io/hashicorp/aws\"]",
      "instances": [
        {
          "schema_version": 0,
          "attributes": {
            "ami": "ami-0657f7ccb605cdd0b",
            "arn": null,
            "associate_public_ip_address": true,
            "availability_zone": null,
            "block_duration_minutes": 0,
            "cpu_core_count": null,
            "cpu_threads_per_core": null,
            "credit_specification": [],
            "disable_api_termination": null,
            "ebs_block_device": [],
            "ebs_optimized": null,
            "enclave_options": null,
            "ephemeral_block_device": [],
            "get_password_data": false,
            "hibernation": null,
            "host_id": null,
            "iam_instance_profile": null,
            "id": "sir-y141g37j",
            "instance_initiated_shutdown_behavior": null,
            "instance_interruption_behaviour": "terminate",
            "instance_state": null,
            "instance_type": "t3.micro",
            "ipv6_address_count": 0,
            "ipv6_addresses": [],
            "key_name": "servers",
            "launch_group": "",
            "metadata_options": null,
            "monitoring": null,
            "network_interface": [],
            "outpost_arn": null,
            "password_data": "",
            "placement_group": null,
            "primary_network_interface_id": "eni-00dcf5b15b8b5601f",
            "private_dns": "ip-10-10-1-192.ec2.internal",
            "private_ip": "10.10.1.192",
            "public_dns": "",
            "public_ip": "18.232.141.154",
            "root_block_device": [
              {
                "delete_on_termination": true,
                "device_name": "/dev/sda1",
                "encrypted": true,
                "iops": 100,
                "kms_key_id": "arn:aws:kms:us-east-1:203698412332:key/b4e07ab3-b8d6-4d47-ae16-6552578db2a4",
                "tags": {},
                "throughput": 0,
                "volume_id": "vol-04110142e7e43fbc8",
                "volume_size": 8,
                "volume_type": "gp2"
              }
            ],
            "secondary_private_ips": [],
            "security_groups": [
              "sg-04b356aadbe0afa78"
            ],
            "source_dest_check": true,
            "spot_bid_status": "fulfilled",
            "spot_instance_id": "i-0e5c05b6b70b1e45a",
            "spot_price": "0.0031",
            "spot_request_state": "active",
            "spot_type": "persistent",
            "subnet_id": "subnet-0f5c2aa3c56ca736d",
            "tags": {
              "Name": "docker-0.1"
            },
            "tenancy": null,
            "timeouts": null,
            "user_data": "1ea75cce42e1283c0637ac97ec988e4d49c095c2",
            "user_data_base64": null,
            "valid_from": "0001-01-01T00:00:00Z",
            "valid_until": "0001-01-01T00:00:00Z",
            "volume_tags": null,
            "vpc_security_group_ids": [],
            "wait_for_fulfillment": true
          },
          "sensitive_attributes": [],
          "private": "eyJlMmJmYjczMC1lY2FhLTExZTYtOGY4OC0zNDM2M2JjN2M0YzAiOnsiY3JlYXRlIjo2MDAwMDAwMDAwMDAsImRlbGV0ZSI6MTIwMDAwMDAwMDAwMH19"
        }
      ]
    }
  ]
}
